// !$*UTF8*$!
{
	archiveVersion = 1;
	classes = {
	};
	objectVersion = 56;
	objects = {

/* Begin PBXBuildFile section */
		D5563BC82A7D7435003E56D9 /* nubank_clone_swiftuiApp.swift in Sources */ = {isa = PBXBuildFile; fileRef = D5563BC72A7D7435003E56D9 /* nubank_clone_swiftuiApp.swift */; };
		D5563BCA2A7D7435003E56D9 /* ContentView.swift in Sources */ = {isa = PBXBuildFile; fileRef = D5563BC92A7D7435003E56D9 /* ContentView.swift */; };
		D5563BCC2A7D7439003E56D9 /* Assets.xcassets in Resources */ = {isa = PBXBuildFile; fileRef = D5563BCB2A7D7439003E56D9 /* Assets.xcassets */; };
		D5563BCF2A7D7439003E56D9 /* Preview Assets.xcassets in Resources */ = {isa = PBXBuildFile; fileRef = D5563BCE2A7D7439003E56D9 /* Preview Assets.xcassets */; };
		D5563BD92A7D743A003E56D9 /* nubank_clone_swiftuiTests.swift in Sources */ = {isa = PBXBuildFile; fileRef = D5563BD82A7D743A003E56D9 /* nubank_clone_swiftuiTests.swift */; };
		D5563BE32A7D743A003E56D9 /* nubank_clone_swiftuiUITests.swift in Sources */ = {isa = PBXBuildFile; fileRef = D5563BE22A7D743A003E56D9 /* nubank_clone_swiftuiUITests.swift */; };
		D5563BE52A7D743A003E56D9 /* nubank_clone_swiftuiUITestsLaunchTests.swift in Sources */ = {isa = PBXBuildFile; fileRef = D5563BE42A7D743A003E56D9 /* nubank_clone_swiftuiUITestsLaunchTests.swift */; };
		D5563BF32A7D7776003E56D9 /* HeaderView.swift in Sources */ = {isa = PBXBuildFile; fileRef = D5563BF22A7D7776003E56D9 /* HeaderView.swift */; };
		D5563BF62A7D7AA8003E56D9 /* AccountView.swift in Sources */ = {isa = PBXBuildFile; fileRef = D5563BF52A7D7AA8003E56D9 /* AccountView.swift */; };
		D5563BF92A7D872A003E56D9 /* CircleButtonView.swift in Sources */ = {isa = PBXBuildFile; fileRef = D5563BF82A7D872A003E56D9 /* CircleButtonView.swift */; };
		D5563BFC2A7D9E47003E56D9 /* ShortcutIcon.swift in Sources */ = {isa = PBXBuildFile; fileRef = D5563BFB2A7D9E47003E56D9 /* ShortcutIcon.swift */; };
		D5563BFE2A7D9F43003E56D9 /* CardButtonView.swift in Sources */ = {isa = PBXBuildFile; fileRef = D5563BFD2A7D9F43003E56D9 /* CardButtonView.swift */; };
		D5563C002A7DA23F003E56D9 /* CardView.swift in Sources */ = {isa = PBXBuildFile; fileRef = D5563BFF2A7DA23F003E56D9 /* CardView.swift */; };
		D5563C022A7DB618003E56D9 /* ComponentViewModel.swift in Sources */ = {isa = PBXBuildFile; fileRef = D5563C012A7DB618003E56D9 /* ComponentViewModel.swift */; };
		D55FB4692A7DD79F00886E4D /* CurrencyView.swift in Sources */ = {isa = PBXBuildFile; fileRef = D55FB4682A7DD79F00886E4D /* CurrencyView.swift */; };
		D55FB46B2A7DDCAB00886E4D /* CurrencyViewViewModel.swift in Sources */ = {isa = PBXBuildFile; fileRef = D55FB46A2A7DDCAB00886E4D /* CurrencyViewViewModel.swift */; };
/* End PBXBuildFile section */

/* Begin PBXContainerItemProxy section */
		D5563BD52A7D743A003E56D9 /* PBXContainerItemProxy */ = {
			isa = PBXContainerItemProxy;
			containerPortal = D5563BBC2A7D7435003E56D9 /* Project object */;
			proxyType = 1;
			remoteGlobalIDString = D5563BC32A7D7435003E56D9;
			remoteInfo = nubank_clone_swiftui;
		};
		D5563BDF2A7D743A003E56D9 /* PBXContainerItemProxy */ = {
			isa = PBXContainerItemProxy;
			containerPortal = D5563BBC2A7D7435003E56D9 /* Project object */;
			proxyType = 1;
			remoteGlobalIDString = D5563BC32A7D7435003E56D9;
			remoteInfo = nubank_clone_swiftui;
		};
/* End PBXContainerItemProxy section */

/* Begin PBXFileReference section */
		D5563BC42A7D7435003E56D9 /* nubank_clone_swiftui.app */ = {isa = PBXFileReference; explicitFileType = wrapper.application; includeInIndex = 0; path = nubank_clone_swiftui.app; sourceTree = BUILT_PRODUCTS_DIR; };
		D5563BC72A7D7435003E56D9 /* nubank_clone_swiftuiApp.swift */ = {isa = PBXFileReference; lastKnownFileType = sourcecode.swift; path = nubank_clone_swiftuiApp.swift; sourceTree = "<group>"; };
		D5563BC92A7D7435003E56D9 /* ContentView.swift */ = {isa = PBXFileReference; lastKnownFileType = sourcecode.swift; path = ContentView.swift; sourceTree = "<group>"; };
		D5563BCB2A7D7439003E56D9 /* Assets.xcassets */ = {isa = PBXFileReference; lastKnownFileType = folder.assetcatalog; path = Assets.xcassets; sourceTree = "<group>"; };
		D5563BCE2A7D7439003E56D9 /* Preview Assets.xcassets */ = {isa = PBXFileReference; lastKnownFileType = folder.assetcatalog; path = "Preview Assets.xcassets"; sourceTree = "<group>"; };
		D5563BD42A7D743A003E56D9 /* nubank_clone_swiftuiTests.xctest */ = {isa = PBXFileReference; explicitFileType = wrapper.cfbundle; includeInIndex = 0; path = nubank_clone_swiftuiTests.xctest; sourceTree = BUILT_PRODUCTS_DIR; };
		D5563BD82A7D743A003E56D9 /* nubank_clone_swiftuiTests.swift */ = {isa = PBXFileReference; lastKnownFileType = sourcecode.swift; path = nubank_clone_swiftuiTests.swift; sourceTree = "<group>"; };
		D5563BDE2A7D743A003E56D9 /* nubank_clone_swiftuiUITests.xctest */ = {isa = PBXFileReference; explicitFileType = wrapper.cfbundle; includeInIndex = 0; path = nubank_clone_swiftuiUITests.xctest; sourceTree = BUILT_PRODUCTS_DIR; };
		D5563BE22A7D743A003E56D9 /* nubank_clone_swiftuiUITests.swift */ = {isa = PBXFileReference; lastKnownFileType = sourcecode.swift; path = nubank_clone_swiftuiUITests.swift; sourceTree = "<group>"; };
		D5563BE42A7D743A003E56D9 /* nubank_clone_swiftuiUITestsLaunchTests.swift */ = {isa = PBXFileReference; lastKnownFileType = sourcecode.swift; path = nubank_clone_swiftuiUITestsLaunchTests.swift; sourceTree = "<group>"; };
		D5563BF22A7D7776003E56D9 /* HeaderView.swift */ = {isa = PBXFileReference; lastKnownFileType = sourcecode.swift; path = HeaderView.swift; sourceTree = "<group>"; };
		D5563BF52A7D7AA8003E56D9 /* AccountView.swift */ = {isa = PBXFileReference; lastKnownFileType = sourcecode.swift; path = AccountView.swift; sourceTree = "<group>"; };
		D5563BF82A7D872A003E56D9 /* CircleButtonView.swift */ = {isa = PBXFileReference; lastKnownFileType = sourcecode.swift; path = CircleButtonView.swift; sourceTree = "<group>"; };
		D5563BFB2A7D9E47003E56D9 /* ShortcutIcon.swift */ = {isa = PBXFileReference; lastKnownFileType = sourcecode.swift; path = ShortcutIcon.swift; sourceTree = "<group>"; };
		D5563BFD2A7D9F43003E56D9 /* CardButtonView.swift */ = {isa = PBXFileReference; lastKnownFileType = sourcecode.swift; path = CardButtonView.swift; sourceTree = "<group>"; };
		D5563BFF2A7DA23F003E56D9 /* CardView.swift */ = {isa = PBXFileReference; lastKnownFileType = sourcecode.swift; path = CardView.swift; sourceTree = "<group>"; };
		D5563C012A7DB618003E56D9 /* ComponentViewModel.swift */ = {isa = PBXFileReference; lastKnownFileType = sourcecode.swift; path = ComponentViewModel.swift; sourceTree = "<group>"; };
		D55FB4682A7DD79F00886E4D /* CurrencyView.swift */ = {isa = PBXFileReference; lastKnownFileType = sourcecode.swift; path = CurrencyView.swift; sourceTree = "<group>"; };
		D55FB46A2A7DDCAB00886E4D /* CurrencyViewViewModel.swift */ = {isa = PBXFileReference; lastKnownFileType = sourcecode.swift; path = CurrencyViewViewModel.swift; sourceTree = "<group>"; };
/* End PBXFileReference section */

/* Begin PBXFrameworksBuildPhase section */
		D5563BC12A7D7435003E56D9 /* Frameworks */ = {
			isa = PBXFrameworksBuildPhase;
			buildActionMask = 2147483647;
			files = (
			);
			runOnlyForDeploymentPostprocessing = 0;
		};
		D5563BD12A7D743A003E56D9 /* Frameworks */ = {
			isa = PBXFrameworksBuildPhase;
			buildActionMask = 2147483647;
			files = (
			);
			runOnlyForDeploymentPostprocessing = 0;
		};
		D5563BDB2A7D743A003E56D9 /* Frameworks */ = {
			isa = PBXFrameworksBuildPhase;
			buildActionMask = 2147483647;
			files = (
			);
			runOnlyForDeploymentPostprocessing = 0;
		};
/* End PBXFrameworksBuildPhase section */

/* Begin PBXGroup section */
		D5563BBB2A7D7435003E56D9 = {
			isa = PBXGroup;
			children = (
				D5563BC62A7D7435003E56D9 /* nubank_clone_swiftui */,
				D5563BD72A7D743A003E56D9 /* nubank_clone_swiftuiTests */,
				D5563BE12A7D743A003E56D9 /* nubank_clone_swiftuiUITests */,
				D5563BC52A7D7435003E56D9 /* Products */,
			);
			sourceTree = "<group>";
		};
		D5563BC52A7D7435003E56D9 /* Products */ = {
			isa = PBXGroup;
			children = (
				D5563BC42A7D7435003E56D9 /* nubank_clone_swiftui.app */,
				D5563BD42A7D743A003E56D9 /* nubank_clone_swiftuiTests.xctest */,
				D5563BDE2A7D743A003E56D9 /* nubank_clone_swiftuiUITests.xctest */,
			);
			name = Products;
			sourceTree = "<group>";
		};
		D5563BC62A7D7435003E56D9 /* nubank_clone_swiftui */ = {
			isa = PBXGroup;
			children = (
				D55FB4662A7DD74300886E4D /* Views */,
				D5563BFA2A7D9E29003E56D9 /* Models */,
				D5563BF72A7D8712003E56D9 /* Components */,
				D5563BC72A7D7435003E56D9 /* nubank_clone_swiftuiApp.swift */,
				D5563BC92A7D7435003E56D9 /* ContentView.swift */,
				D5563BCB2A7D7439003E56D9 /* Assets.xcassets */,
				D5563BCD2A7D7439003E56D9 /* Preview Content */,
			);
			path = nubank_clone_swiftui;
			sourceTree = "<group>";
		};
		D5563BCD2A7D7439003E56D9 /* Preview Content */ = {
			isa = PBXGroup;
			children = (
				D5563BCE2A7D7439003E56D9 /* Preview Assets.xcassets */,
			);
			path = "Preview Content";
			sourceTree = "<group>";
		};
		D5563BD72A7D743A003E56D9 /* nubank_clone_swiftuiTests */ = {
			isa = PBXGroup;
			children = (
				D5563BD82A7D743A003E56D9 /* nubank_clone_swiftuiTests.swift */,
			);
			path = nubank_clone_swiftuiTests;
			sourceTree = "<group>";
		};
		D5563BE12A7D743A003E56D9 /* nubank_clone_swiftuiUITests */ = {
			isa = PBXGroup;
			children = (
				D5563BE22A7D743A003E56D9 /* nubank_clone_swiftuiUITests.swift */,
				D5563BE42A7D743A003E56D9 /* nubank_clone_swiftuiUITestsLaunchTests.swift */,
			);
			path = nubank_clone_swiftuiUITests;
			sourceTree = "<group>";
		};
		D5563BF12A7D7758003E56D9 /* Header */ = {
			isa = PBXGroup;
			children = (
				D5563BF22A7D7776003E56D9 /* HeaderView.swift */,
			);
			path = Header;
			sourceTree = "<group>";
		};
		D5563BF42A7D7A96003E56D9 /* Account */ = {
			isa = PBXGroup;
			children = (
				D5563BF52A7D7AA8003E56D9 /* AccountView.swift */,
			);
			path = Account;
			sourceTree = "<group>";
		};
		D5563BF72A7D8712003E56D9 /* Components */ = {
			isa = PBXGroup;
			children = (
				D55FB4682A7DD79F00886E4D /* CurrencyView.swift */,
				D5563BF82A7D872A003E56D9 /* CircleButtonView.swift */,
				D5563BFD2A7D9F43003E56D9 /* CardButtonView.swift */,
				D5563BFF2A7DA23F003E56D9 /* CardView.swift */,
			);
			path = Components;
			sourceTree = "<group>";
		};
		D5563BFA2A7D9E29003E56D9 /* Models */ = {
			isa = PBXGroup;
			children = (
				D5563BFB2A7D9E47003E56D9 /* ShortcutIcon.swift */,
				D5563C012A7DB618003E56D9 /* ComponentViewModel.swift */,
				D55FB46A2A7DDCAB00886E4D /* CurrencyViewViewModel.swift */,
			);
			path = Models;
			sourceTree = "<group>";
		};
		D55FB4662A7DD74300886E4D /* Views */ = {
			isa = PBXGroup;
			children = (
				D5563BF12A7D7758003E56D9 /* Header */,
				D5563BF42A7D7A96003E56D9 /* Account */,
			);
			path = Views;
			sourceTree = "<group>";
		};
/* End PBXGroup section */

/* Begin PBXNativeTarget section */
		D5563BC32A7D7435003E56D9 /* nubank_clone_swiftui */ = {
			isa = PBXNativeTarget;
			buildConfigurationList = D5563BE82A7D743A003E56D9 /* Build configuration list for PBXNativeTarget "nubank_clone_swiftui" */;
			buildPhases = (
				D5563BC02A7D7435003E56D9 /* Sources */,
				D5563BC12A7D7435003E56D9 /* Frameworks */,
				D5563BC22A7D7435003E56D9 /* Resources */,
			);
			buildRules = (
			);
			dependencies = (
			);
			name = nubank_clone_swiftui;
			productName = nubank_clone_swiftui;
			productReference = D5563BC42A7D7435003E56D9 /* nubank_clone_swiftui.app */;
			productType = "com.apple.product-type.application";
		};
		D5563BD32A7D743A003E56D9 /* nubank_clone_swiftuiTests */ = {
			isa = PBXNativeTarget;
			buildConfigurationList = D5563BEB2A7D743A003E56D9 /* Build configuration list for PBXNativeTarget "nubank_clone_swiftuiTests" */;
			buildPhases = (
				D5563BD02A7D743A003E56D9 /* Sources */,
				D5563BD12A7D743A003E56D9 /* Frameworks */,
				D5563BD22A7D743A003E56D9 /* Resources */,
			);
			buildRules = (
			);
			dependencies = (
				D5563BD62A7D743A003E56D9 /* PBXTargetDependency */,
			);
			name = nubank_clone_swiftuiTests;
			productName = nubank_clone_swiftuiTests;
			productReference = D5563BD42A7D743A003E56D9 /* nubank_clone_swiftuiTests.xctest */;
			productType = "com.apple.product-type.bundle.unit-test";
		};
		D5563BDD2A7D743A003E56D9 /* nubank_clone_swiftuiUITests */ = {
			isa = PBXNativeTarget;
			buildConfigurationList = D5563BEE2A7D743A003E56D9 /* Build configuration list for PBXNativeTarget "nubank_clone_swiftuiUITests" */;
			buildPhases = (
				D5563BDA2A7D743A003E56D9 /* Sources */,
				D5563BDB2A7D743A003E56D9 /* Frameworks */,
				D5563BDC2A7D743A003E56D9 /* Resources */,
			);
			buildRules = (
			);
			dependencies = (
				D5563BE02A7D743A003E56D9 /* PBXTargetDependency */,
			);
			name = nubank_clone_swiftuiUITests;
			productName = nubank_clone_swiftuiUITests;
			productReference = D5563BDE2A7D743A003E56D9 /* nubank_clone_swiftuiUITests.xctest */;
			productType = "com.apple.product-type.bundle.ui-testing";
		};
/* End PBXNativeTarget section */

/* Begin PBXProject section */
		D5563BBC2A7D7435003E56D9 /* Project object */ = {
			isa = PBXProject;
			attributes = {
				BuildIndependentTargetsInParallel = 1;
				LastSwiftUpdateCheck = 1430;
				LastUpgradeCheck = 1430;
				TargetAttributes = {
					D5563BC32A7D7435003E56D9 = {
						CreatedOnToolsVersion = 14.3.1;
					};
					D5563BD32A7D743A003E56D9 = {
						CreatedOnToolsVersion = 14.3.1;
						TestTargetID = D5563BC32A7D7435003E56D9;
					};
					D5563BDD2A7D743A003E56D9 = {
						CreatedOnToolsVersion = 14.3.1;
						TestTargetID = D5563BC32A7D7435003E56D9;
					};
				};
			};
			buildConfigurationList = D5563BBF2A7D7435003E56D9 /* Build configuration list for PBXProject "nubank_clone_swiftui" */;
			compatibilityVersion = "Xcode 14.0";
			developmentRegion = en;
			hasScannedForEncodings = 0;
			knownRegions = (
				en,
				Base,
			);
			mainGroup = D5563BBB2A7D7435003E56D9;
			productRefGroup = D5563BC52A7D7435003E56D9 /* Products */;
			projectDirPath = "";
			projectRoot = "";
			targets = (
				D5563BC32A7D7435003E56D9 /* nubank_clone_swiftui */,
				D5563BD32A7D743A003E56D9 /* nubank_clone_swiftuiTests */,
				D5563BDD2A7D743A003E56D9 /* nubank_clone_swiftuiUITests */,
			);
		};
/* End PBXProject section */

/* Begin PBXResourcesBuildPhase section */
		D5563BC22A7D7435003E56D9 /* Resources */ = {
			isa = PBXResourcesBuildPhase;
			buildActionMask = 2147483647;
			files = (
				D5563BCF2A7D7439003E56D9 /* Preview Assets.xcassets in Resources */,
				D5563BCC2A7D7439003E56D9 /* Assets.xcassets in Resources */,
			);
			runOnlyForDeploymentPostprocessing = 0;
		};
		D5563BD22A7D743A003E56D9 /* Resources */ = {
			isa = PBXResourcesBuildPhase;
			buildActionMask = 2147483647;
			files = (
			);
			runOnlyForDeploymentPostprocessing = 0;
		};
		D5563BDC2A7D743A003E56D9 /* Resources */ = {
			isa = PBXResourcesBuildPhase;
			buildActionMask = 2147483647;
			files = (
			);
			runOnlyForDeploymentPostprocessing = 0;
		};
/* End PBXResourcesBuildPhase section */

/* Begin PBXSourcesBuildPhase section */
		D5563BC02A7D7435003E56D9 /* Sources */ = {
			isa = PBXSourcesBuildPhase;
			buildActionMask = 2147483647;
			files = (
				D5563BF62A7D7AA8003E56D9 /* AccountView.swift in Sources */,
				D5563C022A7DB618003E56D9 /* ComponentViewModel.swift in Sources */,
				D5563BFE2A7D9F43003E56D9 /* CardButtonView.swift in Sources */,
				D55FB4692A7DD79F00886E4D /* CurrencyView.swift in Sources */,
				D5563BCA2A7D7435003E56D9 /* ContentView.swift in Sources */,
				D55FB46B2A7DDCAB00886E4D /* CurrencyViewViewModel.swift in Sources */,
				D5563BF32A7D7776003E56D9 /* HeaderView.swift in Sources */,
				D5563BF92A7D872A003E56D9 /* CircleButtonView.swift in Sources */,
				D5563BC82A7D7435003E56D9 /* nubank_clone_swiftuiApp.swift in Sources */,
				D5563C002A7DA23F003E56D9 /* CardView.swift in Sources */,
				D5563BFC2A7D9E47003E56D9 /* ShortcutIcon.swift in Sources */,
			);
			runOnlyForDeploymentPostprocessing = 0;
		};
		D5563BD02A7D743A003E56D9 /* Sources */ = {
			isa = PBXSourcesBuildPhase;
			buildActionMask = 2147483647;
			files = (
				D5563BD92A7D743A003E56D9 /* nubank_clone_swiftuiTests.swift in Sources */,
			);
			runOnlyForDeploymentPostprocessing = 0;
		};
		D5563BDA2A7D743A003E56D9 /* Sources */ = {
			isa = PBXSourcesBuildPhase;
			buildActionMask = 2147483647;
			files = (
				D5563BE32A7D743A003E56D9 /* nubank_clone_swiftuiUITests.swift in Sources */,
				D5563BE52A7D743A003E56D9 /* nubank_clone_swiftuiUITestsLaunchTests.swift in Sources */,
			);
			runOnlyForDeploymentPostprocessing = 0;
		};
/* End PBXSourcesBuildPhase section */

/* Begin PBXTargetDependency section */
		D5563BD62A7D743A003E56D9 /* PBXTargetDependency */ = {
			isa = PBXTargetDependency;
			target = D5563BC32A7D7435003E56D9 /* nubank_clone_swiftui */;
			targetProxy = D5563BD52A7D743A003E56D9 /* PBXContainerItemProxy */;
		};
		D5563BE02A7D743A003E56D9 /* PBXTargetDependency */ = {
			isa = PBXTargetDependency;
			target = D5563BC32A7D7435003E56D9 /* nubank_clone_swiftui */;
			targetProxy = D5563BDF2A7D743A003E56D9 /* PBXContainerItemProxy */;
		};
/* End PBXTargetDependency section */

/* Begin XCBuildConfiguration section */
		D5563BE62A7D743A003E56D9 /* Debug */ = {
			isa = XCBuildConfiguration;
			buildSettings = {
				ALWAYS_SEARCH_USER_PATHS = NO;
				CLANG_ANALYZER_NONNULL = YES;
				CLANG_ANALYZER_NUMBER_OBJECT_CONVERSION = YES_AGGRESSIVE;
				CLANG_CXX_LANGUAGE_STANDARD = "gnu++20";
				CLANG_ENABLE_MODULES = YES;
				CLANG_ENABLE_OBJC_ARC = YES;
				CLANG_ENABLE_OBJC_WEAK = YES;
				CLANG_WARN_BLOCK_CAPTURE_AUTORELEASING = YES;
				CLANG_WARN_BOOL_CONVERSION = YES;
				CLANG_WARN_COMMA = YES;
				CLANG_WARN_CONSTANT_CONVERSION = YES;
				CLANG_WARN_DEPRECATED_OBJC_IMPLEMENTATIONS = YES;
				CLANG_WARN_DIRECT_OBJC_ISA_USAGE = YES_ERROR;
				CLANG_WARN_DOCUMENTATION_COMMENTS = YES;
				CLANG_WARN_EMPTY_BODY = YES;
				CLANG_WARN_ENUM_CONVERSION = YES;
				CLANG_WARN_INFINITE_RECURSION = YES;
				CLANG_WARN_INT_CONVERSION = YES;
				CLANG_WARN_NON_LITERAL_NULL_CONVERSION = YES;
				CLANG_WARN_OBJC_IMPLICIT_RETAIN_SELF = YES;
				CLANG_WARN_OBJC_LITERAL_CONVERSION = YES;
				CLANG_WARN_OBJC_ROOT_CLASS = YES_ERROR;
				CLANG_WARN_QUOTED_INCLUDE_IN_FRAMEWORK_HEADER = YES;
				CLANG_WARN_RANGE_LOOP_ANALYSIS = YES;
				CLANG_WARN_STRICT_PROTOTYPES = YES;
				CLANG_WARN_SUSPICIOUS_MOVE = YES;
				CLANG_WARN_UNGUARDED_AVAILABILITY = YES_AGGRESSIVE;
				CLANG_WARN_UNREACHABLE_CODE = YES;
				CLANG_WARN__DUPLICATE_METHOD_MATCH = YES;
				COPY_PHASE_STRIP = NO;
				DEBUG_INFORMATION_FORMAT = dwarf;
				ENABLE_STRICT_OBJC_MSGSEND = YES;
				ENABLE_TESTABILITY = YES;
				GCC_C_LANGUAGE_STANDARD = gnu11;
				GCC_DYNAMIC_NO_PIC = NO;
				GCC_NO_COMMON_BLOCKS = YES;
				GCC_OPTIMIZATION_LEVEL = 0;
				GCC_PREPROCESSOR_DEFINITIONS = (
					"DEBUG=1",
					"$(inherited)",
				);
				GCC_WARN_64_TO_32_BIT_CONVERSION = YES;
				GCC_WARN_ABOUT_RETURN_TYPE = YES_ERROR;
				GCC_WARN_UNDECLARED_SELECTOR = YES;
				GCC_WARN_UNINITIALIZED_AUTOS = YES_AGGRESSIVE;
				GCC_WARN_UNUSED_FUNCTION = YES;
				GCC_WARN_UNUSED_VARIABLE = YES;
				IPHONEOS_DEPLOYMENT_TARGET = 16.4;
				MTL_ENABLE_DEBUG_INFO = INCLUDE_SOURCE;
				MTL_FAST_MATH = YES;
				ONLY_ACTIVE_ARCH = YES;
				SDKROOT = iphoneos;
				SWIFT_ACTIVE_COMPILATION_CONDITIONS = DEBUG;
				SWIFT_OPTIMIZATION_LEVEL = "-Onone";
			};
			name = Debug;
		};
		D5563BE72A7D743A003E56D9 /* Release */ = {
			isa = XCBuildConfiguration;
			buildSettings = {
				ALWAYS_SEARCH_USER_PATHS = NO;
				CLANG_ANALYZER_NONNULL = YES;
				CLANG_ANALYZER_NUMBER_OBJECT_CONVERSION = YES_AGGRESSIVE;
				CLANG_CXX_LANGUAGE_STANDARD = "gnu++20";
				CLANG_ENABLE_MODULES = YES;
				CLANG_ENABLE_OBJC_ARC = YES;
				CLANG_ENABLE_OBJC_WEAK = YES;
				CLANG_WARN_BLOCK_CAPTURE_AUTORELEASING = YES;
				CLANG_WARN_BOOL_CONVERSION = YES;
				CLANG_WARN_COMMA = YES;
				CLANG_WARN_CONSTANT_CONVERSION = YES;
				CLANG_WARN_DEPRECATED_OBJC_IMPLEMENTATIONS = YES;
				CLANG_WARN_DIRECT_OBJC_ISA_USAGE = YES_ERROR;
				CLANG_WARN_DOCUMENTATION_COMMENTS = YES;
				CLANG_WARN_EMPTY_BODY = YES;
				CLANG_WARN_ENUM_CONVERSION = YES;
				CLANG_WARN_INFINITE_RECURSION = YES;
				CLANG_WARN_INT_CONVERSION = YES;
				CLANG_WARN_NON_LITERAL_NULL_CONVERSION = YES;
				CLANG_WARN_OBJC_IMPLICIT_RETAIN_SELF = YES;
				CLANG_WARN_OBJC_LITERAL_CONVERSION = YES;
				CLANG_WARN_OBJC_ROOT_CLASS = YES_ERROR;
				CLANG_WARN_QUOTED_INCLUDE_IN_FRAMEWORK_HEADER = YES;
				CLANG_WARN_RANGE_LOOP_ANALYSIS = YES;
				CLANG_WARN_STRICT_PROTOTYPES = YES;
				CLANG_WARN_SUSPICIOUS_MOVE = YES;
				CLANG_WARN_UNGUARDED_AVAILABILITY = YES_AGGRESSIVE;
				CLANG_WARN_UNREACHABLE_CODE = YES;
				CLANG_WARN__DUPLICATE_METHOD_MATCH = YES;
				COPY_PHASE_STRIP = NO;
				DEBUG_INFORMATION_FORMAT = "dwarf-with-dsym";
				ENABLE_NS_ASSERTIONS = NO;
				ENABLE_STRICT_OBJC_MSGSEND = YES;
				GCC_C_LANGUAGE_STANDARD = gnu11;
				GCC_NO_COMMON_BLOCKS = YES;
				GCC_WARN_64_TO_32_BIT_CONVERSION = YES;
				GCC_WARN_ABOUT_RETURN_TYPE = YES_ERROR;
				GCC_WARN_UNDECLARED_SELECTOR = YES;
				GCC_WARN_UNINITIALIZED_AUTOS = YES_AGGRESSIVE;
				GCC_WARN_UNUSED_FUNCTION = YES;
				GCC_WARN_UNUSED_VARIABLE = YES;
				IPHONEOS_DEPLOYMENT_TARGET = 16.4;
				MTL_ENABLE_DEBUG_INFO = NO;
				MTL_FAST_MATH = YES;
				SDKROOT = iphoneos;
				SWIFT_COMPILATION_MODE = wholemodule;
				SWIFT_OPTIMIZATION_LEVEL = "-O";
				VALIDATE_PRODUCT = YES;
			};
			name = Release;
		};
		D5563BE92A7D743A003E56D9 /* Debug */ = {
			isa = XCBuildConfiguration;
			buildSettings = {
				ASSETCATALOG_COMPILER_APPICON_NAME = AppIcon;
				ASSETCATALOG_COMPILER_GLOBAL_ACCENT_COLOR_NAME = AccentColor;
				CODE_SIGN_STYLE = Automatic;
				CURRENT_PROJECT_VERSION = 1;
				DEVELOPMENT_ASSET_PATHS = "\"nubank_clone_swiftui/Preview Content\"";
				ENABLE_PREVIEWS = YES;
				GENERATE_INFOPLIST_FILE = YES;
				INFOPLIST_KEY_UIApplicationSceneManifest_Generation = YES;
				INFOPLIST_KEY_UIApplicationSupportsIndirectInputEvents = YES;
				INFOPLIST_KEY_UILaunchScreen_Generation = YES;
				INFOPLIST_KEY_UISupportedInterfaceOrientations_iPad = "UIInterfaceOrientationPortrait UIInterfaceOrientationPortraitUpsideDown UIInterfaceOrientationLandscapeLeft UIInterfaceOrientationLandscapeRight";
				INFOPLIST_KEY_UISupportedInterfaceOrientations_iPhone = "UIInterfaceOrientationPortrait UIInterfaceOrientationLandscapeLeft UIInterfaceOrientationLandscapeRight";
				LD_RUNPATH_SEARCH_PATHS = (
					"$(inherited)",
					"@executable_path/Frameworks",
				);
				MARKETING_VERSION = 1.0;
				PRODUCT_BUNDLE_IDENTIFIER = "com.this.vellopers.nubank-clone-swiftui";
				PRODUCT_NAME = "$(TARGET_NAME)";
				SWIFT_EMIT_LOC_STRINGS = YES;
				SWIFT_VERSION = 5.0;
				TARGETED_DEVICE_FAMILY = "1,2";
			};
			name = Debug;
		};
		D5563BEA2A7D743A003E56D9 /* Release */ = {
			isa = XCBuildConfiguration;
			buildSettings = {
				ASSETCATALOG_COMPILER_APPICON_NAME = AppIcon;
				ASSETCATALOG_COMPILER_GLOBAL_ACCENT_COLOR_NAME = AccentColor;
				CODE_SIGN_STYLE = Automatic;
				CURRENT_PROJECT_VERSION = 1;
				DEVELOPMENT_ASSET_PATHS = "\"nubank_clone_swiftui/Preview Content\"";
				ENABLE_PREVIEWS = YES;
				GENERATE_INFOPLIST_FILE = YES;
				INFOPLIST_KEY_UIApplicationSceneManifest_Generation = YES;
				INFOPLIST_KEY_UIApplicationSupportsIndirectInputEvents = YES;
				INFOPLIST_KEY_UILaunchScreen_Generation = YES;
				INFOPLIST_KEY_UISupportedInterfaceOrientations_iPad = "UIInterfaceOrientationPortrait UIInterfaceOrientationPortraitUpsideDown UIInterfaceOrientationLandscapeLeft UIInterfaceOrientationLandscapeRight";
				INFOPLIST_KEY_UISupportedInterfaceOrientations_iPhone = "UIInterfaceOrientationPortrait UIInterfaceOrientationLandscapeLeft UIInterfaceOrientationLandscapeRight";
				LD_RUNPATH_SEARCH_PATHS = (
					"$(inherited)",
					"@executable_path/Frameworks",
				);
				MARKETING_VERSION = 1.0;
				PRODUCT_BUNDLE_IDENTIFIER = "com.this.vellopers.nubank-clone-swiftui";
				PRODUCT_NAME = "$(TARGET_NAME)";
				SWIFT_EMIT_LOC_STRINGS = YES;
				SWIFT_VERSION = 5.0;
				TARGETED_DEVICE_FAMILY = "1,2";
			};
			name = Release;
		};
		D5563BEC2A7D743A003E56D9 /* Debug */ = {
			isa = XCBuildConfiguration;
			buildSettings = {
				ALWAYS_EMBED_SWIFT_STANDARD_LIBRARIES = YES;
				BUNDLE_LOADER = "$(TEST_HOST)";
				CODE_SIGN_STYLE = Automatic;
				CURRENT_PROJECT_VERSION = 1;
				GENERATE_INFOPLIST_FILE = YES;
				IPHONEOS_DEPLOYMENT_TARGET = 16.4;
				MARKETING_VERSION = 1.0;
				PRODUCT_BUNDLE_IDENTIFIER = "com.this.vellopers.nubank-clone-swiftuiTests";
				PRODUCT_NAME = "$(TARGET_NAME)";
				SWIFT_EMIT_LOC_STRINGS = NO;
				SWIFT_VERSION = 5.0;
				TARGETED_DEVICE_FAMILY = "1,2";
				TEST_HOST = "$(BUILT_PRODUCTS_DIR)/nubank_clone_swiftui.app/$(BUNDLE_EXECUTABLE_FOLDER_PATH)/nubank_clone_swiftui";
			};
			name = Debug;
		};
		D5563BED2A7D743A003E56D9 /* Release */ = {
			isa = XCBuildConfiguration;
			buildSettings = {
				ALWAYS_EMBED_SWIFT_STANDARD_LIBRARIES = YES;
				BUNDLE_LOADER = "$(TEST_HOST)";
				CODE_SIGN_STYLE = Automatic;
				CURRENT_PROJECT_VERSION = 1;
				GENERATE_INFOPLIST_FILE = YES;
				IPHONEOS_DEPLOYMENT_TARGET = 16.4;
				MARKETING_VERSION = 1.0;
				PRODUCT_BUNDLE_IDENTIFIER = "com.this.vellopers.nubank-clone-swiftuiTests";
				PRODUCT_NAME = "$(TARGET_NAME)";
				SWIFT_EMIT_LOC_STRINGS = NO;
				SWIFT_VERSION = 5.0;
				TARGETED_DEVICE_FAMILY = "1,2";
				TEST_HOST = "$(BUILT_PRODUCTS_DIR)/nubank_clone_swiftui.app/$(BUNDLE_EXECUTABLE_FOLDER_PATH)/nubank_clone_swiftui";
			};
			name = Release;
		};
		D5563BEF2A7D743A003E56D9 /* Debug */ = {
			isa = XCBuildConfiguration;
			buildSettings = {
				ALWAYS_EMBED_SWIFT_STANDARD_LIBRARIES = YES;
				CODE_SIGN_STYLE = Automatic;
				CURRENT_PROJECT_VERSION = 1;
				GENERATE_INFOPLIST_FILE = YES;
				MARKETING_VERSION = 1.0;
				PRODUCT_BUNDLE_IDENTIFIER = "com.this.vellopers.nubank-clone-swiftuiUITests";
				PRODUCT_NAME = "$(TARGET_NAME)";
				SWIFT_EMIT_LOC_STRINGS = NO;
				SWIFT_VERSION = 5.0;
				TARGETED_DEVICE_FAMILY = "1,2";
				TEST_TARGET_NAME = nubank_clone_swiftui;
			};
			name = Debug;
		};
		D5563BF02A7D743A003E56D9 /* Release */ = {
			isa = XCBuildConfiguration;
			buildSettings = {
				ALWAYS_EMBED_SWIFT_STANDARD_LIBRARIES = YES;
				CODE_SIGN_STYLE = Automatic;
				CURRENT_PROJECT_VERSION = 1;
				GENERATE_INFOPLIST_FILE = YES;
				MARKETING_VERSION = 1.0;
				PRODUCT_BUNDLE_IDENTIFIER = "com.this.vellopers.nubank-clone-swiftuiUITests";
				PRODUCT_NAME = "$(TARGET_NAME)";
				SWIFT_EMIT_LOC_STRINGS = NO;
				SWIFT_VERSION = 5.0;
				TARGETED_DEVICE_FAMILY = "1,2";
				TEST_TARGET_NAME = nubank_clone_swiftui;
			};
			name = Release;
		};
/* End XCBuildConfiguration section */

/* Begin XCConfigurationList section */
		D5563BBF2A7D7435003E56D9 /* Build configuration list for PBXProject "nubank_clone_swiftui" */ = {
			isa = XCConfigurationList;
			buildConfigurations = (
				D5563BE62A7D743A003E56D9 /* Debug */,
				D5563BE72A7D743A003E56D9 /* Release */,
			);
			defaultConfigurationIsVisible = 0;
			defaultConfigurationName = Release;
		};
		D5563BE82A7D743A003E56D9 /* Build configuration list for PBXNativeTarget "nubank_clone_swiftui" */ = {
			isa = XCConfigurationList;
			buildConfigurations = (
				D5563BE92A7D743A003E56D9 /* Debug */,
				D5563BEA2A7D743A003E56D9 /* Release */,
			);
			defaultConfigurationIsVisible = 0;
			defaultConfigurationName = Release;
		};
		D5563BEB2A7D743A003E56D9 /* Build configuration list for PBXNativeTarget "nubank_clone_swiftuiTests" */ = {
			isa = XCConfigurationList;
			buildConfigurations = (
				D5563BEC2A7D743A003E56D9 /* Debug */,
				D5563BED2A7D743A003E56D9 /* Release */,
			);
			defaultConfigurationIsVisible = 0;
			defaultConfigurationName = Release;
		};
		D5563BEE2A7D743A003E56D9 /* Build configuration list for PBXNativeTarget "nubank_clone_swiftuiUITests" */ = {
			isa = XCConfigurationList;
			buildConfigurations = (
				D5563BEF2A7D743A003E56D9 /* Debug */,
				D5563BF02A7D743A003E56D9 /* Release */,
			);
			defaultConfigurationIsVisible = 0;
			defaultConfigurationName = Release;
		};
/* End XCConfigurationList section */
	};
	rootObject = D5563BBC2A7D7435003E56D9 /* Project object */;
}
